
Microsoft Visual Studio Solution File, Format Version 12.00
# Visual Studio 15
VisualStudioVersion = 15.0.27703.2000
MinimumVisualStudioVersion = 10.0.40219.1
Project("{9A19103F-16F7-4668-BE54-9A1E7A4F7556}") = "TestCore", "TestCore\TestCore.csproj", "{CC1D020A-5888-4085-8F88-A11277BBBD1B}"
EndProject
Global
	GlobalSection(SolutionConfigurationPlatforms) = preSolution
		Debug|Any CPU = Debug|Any CPU
		Release|Any CPU = Release|Any CPU
	EndGlobalSection
	GlobalSection(ProjectConfigurationPlatforms) = postSolution
		{CC1D020A-5888-4085-8F88-A11277BBBD1B}.Debug|Any CPU.ActiveCfg = Debug|Any CPU
		{CC1D020A-5888-4085-8F88-A11277BBBD1B}.Debug|Any CPU.Build.0 = Debug|Any CPU
		{CC1D020A-5888-4085-8F88-A11277BBBD1B}.Release|Any CPU.ActiveCfg = Release|Any CPU
		{CC1D020A-5888-4085-8F88-A11277BBBD1B}.Release|Any CPU.Build.0 = Release|Any CPU
	EndGlobalSection
	GlobalSection(SolutionProperties) = preSolution
		HideSolutionNode = FALSE
	EndGlobalSection
	GlobalSection(ExtensibilityGlobals) = postSolution
		SolutionGuid = {CA1A444D-5557-4B5C-8129-E2CC241291F1}
	EndGlobalSection
EndGlobal
